github.com/archnum/sdk.base v0.0.0-20250101164630-1628cfed986b h1:8yl+p0M6rdiaP1D9pnZRS2jhCNs6JZd2jfOj6qGXQZU=
github.com/archnum/sdk.base v0.0.0-20250101164630-1628cfed986b/go.mod h1:h5+FkrHpSTmuatLr4efkSIUh7hldsT+BNy7OHKo1ZNk=
github.com/ltrochet/loggers v0.0.0-20241231182134-97fb6d303182 h1:rd4rVn/BexXYkFFyFYg2rrdQUArQ5v557TGj1TGWOK8=
github.com/ltrochet/loggers v0.0.0-20241231182134-97fb6d303182/go.mod h1:fTl6Vz5zddzJB45RYyTPQcCf2mDtpT8xDNaCG2AVeUI=
